
Microsoft Visual Studio Solution File, Format Version 12.00
# Visual Studio Version 16
VisualStudioVersion = 16.0.31025.109
MinimumVisualStudioVersion = 10.0.40219.1
Project("{FAE04EC0-301F-11D3-BF4B-00C04F79EFBC}") = "TestDatabase.Android", "TestDatabase\TestDatabase.Android\TestDatabase.Android.csproj", "{D889BEB8-EE40-492E-BE19-7ABA99A65EE6}"
EndProject
Project("{FAE04EC0-301F-11D3-BF4B-00C04F79EFBC}") = "TestDatabase.iOS", "TestDatabase\TestDatabase.iOS\TestDatabase.iOS.csproj", "{013EAA01-F111-452D-9B98-EAE1AAC54F3B}"
EndProject
Project("{FAE04EC0-301F-11D3-BF4B-00C04F79EFBC}") = "TestDatabase", "TestDatabase\TestDatabase\TestDatabase.csproj", "{F32E7BA8-5A7B-4750-93C6-DC65CFA2B927}"
EndProject
Global
	GlobalSection(SolutionConfigurationPlatforms) = preSolution
		Debug|Any CPU = Debug|Any CPU
		Debug|iPhone = Debug|iPhone
		Debug|iPhoneSimulator = Debug|iPhoneSimulator
		Release|Any CPU = Release|Any CPU
		Release|iPhone = Release|iPhone
		Release|iPhoneSimulator = Release|iPhoneSimulator
	EndGlobalSection
	GlobalSection(ProjectConfigurationPlatforms) = postSolution
		{D889BEB8-EE40-492E-BE19-7ABA99A65EE6}.Debug|Any CPU.ActiveCfg = Debug|Any CPU
		{D889BEB8-EE40-492E-BE19-7ABA99A65EE6}.Debug|Any CPU.Build.0 = Debug|Any CPU
		{D889BEB8-EE40-492E-BE19-7ABA99A65EE6}.Debug|Any CPU.Deploy.0 = Debug|Any CPU
		{D889BEB8-EE40-492E-BE19-7ABA99A65EE6}.Debug|iPhone.ActiveCfg = Debug|Any CPU
		{D889BEB8-EE40-492E-BE19-7ABA99A65EE6}.Debug|iPhone.Build.0 = Debug|Any CPU
		{D889BEB8-EE40-492E-BE19-7ABA99A65EE6}.Debug|iPhone.Deploy.0 = Debug|Any CPU
		{D889BEB8-EE40-492E-BE19-7ABA99A65EE6}.Debug|iPhoneSimulator.ActiveCfg = Debug|Any CPU
		{D889BEB8-EE40-492E-BE19-7ABA99A65EE6}.Debug|iPhoneSimulator.Build.0 = Debug|Any CPU
		{D889BEB8-EE40-492E-BE19-7ABA99A65EE6}.Debug|iPhoneSimulator.Deploy.0 = Debug|Any CPU
		{D889BEB8-EE40-492E-BE19-7ABA99A65EE6}.Release|Any CPU.ActiveCfg = Release|Any CPU
		{D889BEB8-EE40-492E-BE19-7ABA99A65EE6}.Release|Any CPU.Build.0 = Release|Any CPU
		{D889BEB8-EE40-492E-BE19-7ABA99A65EE6}.Release|Any CPU.Deploy.0 = Release|Any CPU
		{D889BEB8-EE40-492E-BE19-7ABA99A65EE6}.Release|iPhone.ActiveCfg = Release|Any CPU
		{D889BEB8-EE40-492E-BE19-7ABA99A65EE6}.Release|iPhone.Build.0 = Release|Any CPU
		{D889BEB8-EE40-492E-BE19-7ABA99A65EE6}.Release|iPhone.Deploy.0 = Release|Any CPU
		{D889BEB8-EE40-492E-BE19-7ABA99A65EE6}.Release|iPhoneSimulator.ActiveCfg = Release|Any CPU
		{D889BEB8-EE40-492E-BE19-7ABA99A65EE6}.Release|iPhoneSimulator.Build.0 = Release|Any CPU
		{D889BEB8-EE40-492E-BE19-7ABA99A65EE6}.Release|iPhoneSimulator.Deploy.0 = Release|Any CPU
		{013EAA01-F111-452D-9B98-EAE1AAC54F3B}.Debug|Any CPU.ActiveCfg = Debug|iPhone
		{013EAA01-F111-452D-9B98-EAE1AAC54F3B}.Debug|Any CPU.Build.0 = Debug|iPhone
		{013EAA01-F111-452D-9B98-EAE1AAC54F3B}.Debug|Any CPU.Deploy.0 = Debug|iPhone
		{013EAA01-F111-452D-9B98-EAE1AAC54F3B}.Debug|iPhone.ActiveCfg = Debug|iPhone
		{013EAA01-F111-452D-9B98-EAE1AAC54F3B}.Debug|iPhone.Build.0 = Debug|iPhone
		{013EAA01-F111-452D-9B98-EAE1AAC54F3B}.Debug|iPhone.Deploy.0 = Debug|iPhone
		{013EAA01-F111-452D-9B98-EAE1AAC54F3B}.Debug|iPhoneSimulator.ActiveCfg = Debug|iPhoneSimulator
		{013EAA01-F111-452D-9B98-EAE1AAC54F3B}.Debug|iPhoneSimulator.Build.0 = Debug|iPhoneSimulator
		{013EAA01-F111-452D-9B98-EAE1AAC54F3B}.Debug|iPhoneSimulator.Deploy.0 = Debug|iPhoneSimulator
		{013EAA01-F111-452D-9B98-EAE1AAC54F3B}.Release|Any CPU.ActiveCfg = Release|iPhoneSimulator
		{013EAA01-F111-452D-9B98-EAE1AAC54F3B}.Release|Any CPU.Build.0 = Release|iPhoneSimulator
		{013EAA01-F111-452D-9B98-EAE1AAC54F3B}.Release|Any CPU.Deploy.0 = Release|iPhoneSimulator
		{013EAA01-F111-452D-9B98-EAE1AAC54F3B}.Release|iPhone.ActiveCfg = Release|iPhone
		{013EAA01-F111-452D-9B98-EAE1AAC54F3B}.Release|iPhone.Build.0 = Release|iPhone
		{013EAA01-F111-452D-9B98-EAE1AAC54F3B}.Release|iPhone.Deploy.0 = Release|iPhone
		{013EAA01-F111-452D-9B98-EAE1AAC54F3B}.Release|iPhoneSimulator.ActiveCfg = Release|iPhoneSimulator
		{013EAA01-F111-452D-9B98-EAE1AAC54F3B}.Release|iPhoneSimulator.Build.0 = Release|iPhoneSimulator
		{013EAA01-F111-452D-9B98-EAE1AAC54F3B}.Release|iPhoneSimulator.Deploy.0 = Release|iPhoneSimulator
		{F32E7BA8-5A7B-4750-93C6-DC65CFA2B927}.Debug|Any CPU.ActiveCfg = Debug|Any CPU
		{F32E7BA8-5A7B-4750-93C6-DC65CFA2B927}.Debug|Any CPU.Build.0 = Debug|Any CPU
		{F32E7BA8-5A7B-4750-93C6-DC65CFA2B927}.Debug|Any CPU.Deploy.0 = Debug|Any CPU
		{F32E7BA8-5A7B-4750-93C6-DC65CFA2B927}.Debug|iPhone.ActiveCfg = Debug|Any CPU
		{F32E7BA8-5A7B-4750-93C6-DC65CFA2B927}.Debug|iPhone.Build.0 = Debug|Any CPU
		{F32E7BA8-5A7B-4750-93C6-DC65CFA2B927}.Debug|iPhone.Deploy.0 = Debug|Any CPU
		{F32E7BA8-5A7B-4750-93C6-DC65CFA2B927}.Debug|iPhoneSimulator.ActiveCfg = Debug|Any CPU
		{F32E7BA8-5A7B-4750-93C6-DC65CFA2B927}.Debug|iPhoneSimulator.Build.0 = Debug|Any CPU
		{F32E7BA8-5A7B-4750-93C6-DC65CFA2B927}.Debug|iPhoneSimulator.Deploy.0 = Debug|Any CPU
		{F32E7BA8-5A7B-4750-93C6-DC65CFA2B927}.Release|Any CPU.ActiveCfg = Release|Any CPU
		{F32E7BA8-5A7B-4750-93C6-DC65CFA2B927}.Release|Any CPU.Build.0 = Release|Any CPU
		{F32E7BA8-5A7B-4750-93C6-DC65CFA2B927}.Release|Any CPU.Deploy.0 = Release|Any CPU
		{F32E7BA8-5A7B-4750-93C6-DC65CFA2B927}.Release|iPhone.ActiveCfg = Release|Any CPU
		{F32E7BA8-5A7B-4750-93C6-DC65CFA2B927}.Release|iPhone.Build.0 = Release|Any CPU
		{F32E7BA8-5A7B-4750-93C6-DC65CFA2B927}.Release|iPhone.Deploy.0 = Release|Any CPU
		{F32E7BA8-5A7B-4750-93C6-DC65CFA2B927}.Release|iPhoneSimulator.ActiveCfg = Release|Any CPU
		{F32E7BA8-5A7B-4750-93C6-DC65CFA2B927}.Release|iPhoneSimulator.Build.0 = Release|Any CPU
		{F32E7BA8-5A7B-4750-93C6-DC65CFA2B927}.Release|iPhoneSimulator.Deploy.0 = Release|Any CPU
	EndGlobalSection
	GlobalSection(SolutionProperties) = preSolution
		HideSolutionNode = FALSE
	EndGlobalSection
	GlobalSection(ExtensibilityGlobals) = postSolution
		SolutionGuid = {EA486C6B-1AAF-465F-A0E8-41C9713D5893}
	EndGlobalSection
EndGlobal
